// !$*UTF8*$!
{
	archiveVersion = 1;
	classes = {
	};
	objectVersion = 50;
	objects = {

/* Begin PBXBuildFile section */
		BA31BBC22280194E00394AE1 /* AppDelegate.swift in Sources */ = {isa = PBXBuildFile; fileRef = BA31BBC12280194E00394AE1 /* AppDelegate.swift */; };
		BA31BBC42280194E00394AE1 /* ViewController.swift in Sources */ = {isa = PBXBuildFile; fileRef = BA31BBC32280194E00394AE1 /* ViewController.swift */; };
		BA31BBC72280194E00394AE1 /* Main.storyboard in Resources */ = {isa = PBXBuildFile; fileRef = BA31BBC52280194E00394AE1 /* Main.storyboard */; };
		BA31BBC92280197F00394AE1 /* Assets.xcassets in Resources */ = {isa = PBXBuildFile; fileRef = BA31BBC82280197F00394AE1 /* Assets.xcassets */; };
		BA31BBCC2280197F00394AE1 /* LaunchScreen.storyboard in Resources */ = {isa = PBXBuildFile; fileRef = BA31BBCA2280197F00394AE1 /* LaunchScreen.storyboard */; };
		BA31BBD422801ABF00394AE1 /* MyTableViewController.swift in Sources */ = {isa = PBXBuildFile; fileRef = BA31BBD322801ABF00394AE1 /* MyTableViewController.swift */; };
		BA31BBD622801CE600394AE1 /* Movie.swift in Sources */ = {isa = PBXBuildFile; fileRef = BA31BBD522801CE600394AE1 /* Movie.swift */; };
		BA31BBD82280218900394AE1 /* 1.jpg in Resources */ = {isa = PBXBuildFile; fileRef = BA31BBD72280218700394AE1 /* 1.jpg */; };
		BA31BBDA228021AA00394AE1 /* 2.jpg in Resources */ = {isa = PBXBuildFile; fileRef = BA31BBD9228021A900394AE1 /* 2.jpg */; };
		BA31BBDC228021B500394AE1 /* 3.jpg in Resources */ = {isa = PBXBuildFile; fileRef = BA31BBDB228021B500394AE1 /* 3.jpg */; };
		BA31BBDE228021C100394AE1 /* 4.jpg in Resources */ = {isa = PBXBuildFile; fileRef = BA31BBDD228021C000394AE1 /* 4.jpg */; };
		BA31BBE0228021C600394AE1 /* 5.jpg in Resources */ = {isa = PBXBuildFile; fileRef = BA31BBDF228021C600394AE1 /* 5.jpg */; };
		BA31BBE2228031E500394AE1 /* AddMovieViewController.swift in Sources */ = {isa = PBXBuildFile; fileRef = BA31BBE1228031E400394AE1 /* AddMovieViewController.swift */; };
		BA31BBE4228033AE00394AE1 /* AddMovieProtocol.swift in Sources */ = {isa = PBXBuildFile; fileRef = BA31BBE3228033AE00394AE1 /* AddMovieProtocol.swift */; };
		BA45F62E2282D60B00F3914A /* MovieCoreData.xcdatamodeld in Sources */ = {isa = PBXBuildFile; fileRef = BA45F62C2282D60A00F3914A /* MovieCoreData.xcdatamodeld */; };
/* End PBXBuildFile section */

/* Begin PBXFileReference section */
		BA31BBBE2280194E00394AE1 /* MovieListlab_Day2.app */ = {isa = PBXFileReference; explicitFileType = wrapper.application; includeInIndex = 0; path = MovieListlab_Day2.app; sourceTree = BUILT_PRODUCTS_DIR; };
		BA31BBC12280194E00394AE1 /* AppDelegate.swift */ = {isa = PBXFileReference; lastKnownFileType = sourcecode.swift; path = AppDelegate.swift; sourceTree = "<group>"; };
		BA31BBC32280194E00394AE1 /* ViewController.swift */ = {isa = PBXFileReference; lastKnownFileType = sourcecode.swift; path = ViewController.swift; sourceTree = "<group>"; };
		BA31BBC62280194E00394AE1 /* Base */ = {isa = PBXFileReference; lastKnownFileType = file.storyboard; name = Base; path = Base.lproj/Main.storyboard; sourceTree = "<group>"; };
		BA31BBC82280197F00394AE1 /* Assets.xcassets */ = {isa = PBXFileReference; lastKnownFileType = folder.assetcatalog; path = Assets.xcassets; sourceTree = "<group>"; };
		BA31BBCB2280197F00394AE1 /* Base */ = {isa = PBXFileReference; lastKnownFileType = file.storyboard; name = Base; path = Base.lproj/LaunchScreen.storyboard; sourceTree = "<group>"; };
		BA31BBCD2280197F00394AE1 /* Info.plist */ = {isa = PBXFileReference; lastKnownFileType = text.plist.xml; path = Info.plist; sourceTree = "<group>"; };
		BA31BBD322801ABF00394AE1 /* MyTableViewController.swift */ = {isa = PBXFileReference; lastKnownFileType = sourcecode.swift; path = MyTableViewController.swift; sourceTree = "<group>"; };
		BA31BBD522801CE600394AE1 /* Movie.swift */ = {isa = PBXFileReference; lastKnownFileType = sourcecode.swift; path = Movie.swift; sourceTree = "<group>"; };
		BA31BBD72280218700394AE1 /* 1.jpg */ = {isa = PBXFileReference; lastKnownFileType = image.jpeg; path = 1.jpg; sourceTree = "<group>"; };
		BA31BBD9228021A900394AE1 /* 2.jpg */ = {isa = PBXFileReference; lastKnownFileType = image.jpeg; path = 2.jpg; sourceTree = "<group>"; };
		BA31BBDB228021B500394AE1 /* 3.jpg */ = {isa = PBXFileReference; lastKnownFileType = image.jpeg; path = 3.jpg; sourceTree = "<group>"; };
		BA31BBDD228021C000394AE1 /* 4.jpg */ = {isa = PBXFileReference; lastKnownFileType = image.jpeg; path = 4.jpg; sourceTree = "<group>"; };
		BA31BBDF228021C600394AE1 /* 5.jpg */ = {isa = PBXFileReference; lastKnownFileType = image.jpeg; path = 5.jpg; sourceTree = "<group>"; };
		BA31BBE1228031E400394AE1 /* AddMovieViewController.swift */ = {isa = PBXFileReference; lastKnownFileType = sourcecode.swift; path = AddMovieViewController.swift; sourceTree = "<group>"; };
		BA31BBE3228033AE00394AE1 /* AddMovieProtocol.swift */ = {isa = PBXFileReference; lastKnownFileType = sourcecode.swift; path = AddMovieProtocol.swift; sourceTree = "<group>"; };
		BA45F62D2282D60B00F3914A /* MovieCoreData.xcdatamodel */ = {isa = PBXFileReference; lastKnownFileType = wrapper.xcdatamodel; path = MovieCoreData.xcdatamodel; sourceTree = "<group>"; };
/* End PBXFileReference section */

/* Begin PBXFrameworksBuildPhase section */
		BA31BBBB2280194D00394AE1 /* Frameworks */ = {
			isa = PBXFrameworksBuildPhase;
			buildActionMask = 2147483647;
			files = (
			);
			runOnlyForDeploymentPostprocessing = 0;
		};
/* End PBXFrameworksBuildPhase section */

/* Begin PBXGroup section */
		BA31BBB52280194D00394AE1 = {
			isa = PBXGroup;
			children = (
				BA31BBC02280194E00394AE1 /* MovieListlab_Day2 */,
				BA31BBBF2280194E00394AE1 /* Products */,
			);
			sourceTree = "<group>";
		};
		BA31BBBF2280194E00394AE1 /* Products */ = {
			isa = PBXGroup;
			children = (
				BA31BBBE2280194E00394AE1 /* MovieListlab_Day2.app */,
			);
			name = Products;
			sourceTree = "<group>";
		};
		BA31BBC02280194E00394AE1 /* MovieListlab_Day2 */ = {
			isa = PBXGroup;
			children = (
				BA31BBD9228021A900394AE1 /* 2.jpg */,
				BA31BBDB228021B500394AE1 /* 3.jpg */,
				BA31BBDD228021C000394AE1 /* 4.jpg */,
				BA31BBDF228021C600394AE1 /* 5.jpg */,
				BA31BBD72280218700394AE1 /* 1.jpg */,
				BA31BBC12280194E00394AE1 /* AppDelegate.swift */,
				BA31BBC32280194E00394AE1 /* ViewController.swift */,
				BA31BBC52280194E00394AE1 /* Main.storyboard */,
				BA31BBC82280197F00394AE1 /* Assets.xcassets */,
				BA31BBCA2280197F00394AE1 /* LaunchScreen.storyboard */,
				BA31BBCD2280197F00394AE1 /* Info.plist */,
				BA31BBD322801ABF00394AE1 /* MyTableViewController.swift */,
				BA31BBD522801CE600394AE1 /* Movie.swift */,
				BA31BBE1228031E400394AE1 /* AddMovieViewController.swift */,
				BA31BBE3228033AE00394AE1 /* AddMovieProtocol.swift */,
				BA45F62C2282D60A00F3914A /* MovieCoreData.xcdatamodeld */,
			);
			path = MovieListlab_Day2;
			sourceTree = "<group>";
		};
/* End PBXGroup section */

/* Begin PBXNativeTarget section */
		BA31BBBD2280194D00394AE1 /* MovieListlab_Day2 */ = {
			isa = PBXNativeTarget;
			buildConfigurationList = BA31BBD02280197F00394AE1 /* Build configuration list for PBXNativeTarget "MovieListlab_Day2" */;
			buildPhases = (
				BA31BBBA2280194D00394AE1 /* Sources */,
				BA31BBBB2280194D00394AE1 /* Frameworks */,
				BA31BBBC2280194D00394AE1 /* Resources */,
			);
			buildRules = (
			);
			dependencies = (
			);
			name = MovieListlab_Day2;
			productName = MovieListlab_Day2;
			productReference = BA31BBBE2280194E00394AE1 /* MovieListlab_Day2.app */;
			productType = "com.apple.product-type.application";
		};
/* End PBXNativeTarget section */

/* Begin PBXProject section */
		BA31BBB62280194D00394AE1 /* Project object */ = {
			isa = PBXProject;
			attributes = {
				LastSwiftUpdateCheck = 0930;
				LastUpgradeCheck = 0930;
				ORGANIZATIONNAME = ITI;
				TargetAttributes = {
					BA31BBBD2280194D00394AE1 = {
						CreatedOnToolsVersion = 9.3;
					};
				};
			};
			buildConfigurationList = BA31BBB92280194D00394AE1 /* Build configuration list for PBXProject "MovieListlab_Day2" */;
			compatibilityVersion = "Xcode 9.3";
			developmentRegion = en;
			hasScannedForEncodings = 0;
			knownRegions = (
				en,
				Base,
			);
			mainGroup = BA31BBB52280194D00394AE1;
			productRefGroup = BA31BBBF2280194E00394AE1 /* Products */;
			projectDirPath = "";
			projectRoot = "";
			targets = (
				BA31BBBD2280194D00394AE1 /* MovieListlab_Day2 */,
			);
		};
/* End PBXProject section */

/* Begin PBXResourcesBuildPhase section */
		BA31BBBC2280194D00394AE1 /* Resources */ = {
			isa = PBXResourcesBuildPhase;
			buildActionMask = 2147483647;
			files = (
				BA31BBCC2280197F00394AE1 /* LaunchScreen.storyboard in Resources */,
				BA31BBE0228021C600394AE1 /* 5.jpg in Resources */,
				BA31BBDE228021C100394AE1 /* 4.jpg in Resources */,
				BA31BBD82280218900394AE1 /* 1.jpg in Resources */,
				BA31BBDA228021AA00394AE1 /* 2.jpg in Resources */,
				BA31BBDC228021B500394AE1 /* 3.jpg in Resources */,
				BA31BBC92280197F00394AE1 /* Assets.xcassets in Resources */,
				BA31BBC72280194E00394AE1 /* Main.storyboard in Resources */,
			);
			runOnlyForDeploymentPostprocessing = 0;
		};
/* End PBXResourcesBuildPhase section */

/* Begin PBXSourcesBuildPhase section */
		BA31BBBA2280194D00394AE1 /* Sources */ = {
			isa = PBXSourcesBuildPhase;
			buildActionMask = 2147483647;
			files = (
				BA31BBE4228033AE00394AE1 /* AddMovieProtocol.swift in Sources */,
				BA45F62E2282D60B00F3914A /* MovieCoreData.xcdatamodeld in Sources */,
				BA31BBC42280194E00394AE1 /* ViewController.swift in Sources */,
				BA31BBD422801ABF00394AE1 /* MyTableViewController.swift in Sources */,
				BA31BBD622801CE600394AE1 /* Movie.swift in Sources */,
				BA31BBE2228031E500394AE1 /* AddMovieViewController.swift in Sources */,
				BA31BBC22280194E00394AE1 /* AppDelegate.swift in Sources */,
			);
			runOnlyForDeploymentPostprocessing = 0;
		};
/* End PBXSourcesBuildPhase section */

/* Begin PBXVariantGroup section */
		BA31BBC52280194E00394AE1 /* Main.storyboard */ = {
			isa = PBXVariantGroup;
			children = (
				BA31BBC62280194E00394AE1 /* Base */,
			);
			name = Main.storyboard;
			sourceTree = "<group>";
		};
		BA31BBCA2280197F00394AE1 /* LaunchScreen.storyboard */ = {
			isa = PBXVariantGroup;
			children = (
				BA31BBCB2280197F00394AE1 /* Base */,
			);
			name = LaunchScreen.storyboard;
			sourceTree = "<group>";
		};
/* End PBXVariantGroup section */

/* Begin XCBuildConfiguration section */
		BA31BBCE2280197F00394AE1 /* Debug */ = {
			isa = XCBuildConfiguration;
			buildSettings = {
				ALWAYS_SEARCH_USER_PATHS = NO;
				CLANG_ANALYZER_NONNULL = YES;
				CLANG_ANALYZER_NUMBER_OBJECT_CONVERSION = YES_AGGRESSIVE;
				CLANG_CXX_LANGUAGE_STANDARD = "gnu++14";
				CLANG_CXX_LIBRARY = "libc++";
				CLANG_ENABLE_MODULES = YES;
				CLANG_ENABLE_OBJC_ARC = YES;
				CLANG_ENABLE_OBJC_WEAK = YES;
				CLANG_WARN_BLOCK_CAPTURE_AUTORELEASING = YES;
				CLANG_WARN_BOOL_CONVERSION = YES;
				CLANG_WARN_COMMA = YES;
				CLANG_WARN_CONSTANT_CONVERSION = YES;
				CLANG_WARN_DEPRECATED_OBJC_IMPLEMENTATIONS = YES;
				CLANG_WARN_DIRECT_OBJC_ISA_USAGE = YES_ERROR;
				CLANG_WARN_DOCUMENTATION_COMMENTS = YES;
				CLANG_WARN_EMPTY_BODY = YES;
				CLANG_WARN_ENUM_CONVERSION = YES;
				CLANG_WARN_INFINITE_RECURSION = YES;
				CLANG_WARN_INT_CONVERSION = YES;
				CLANG_WARN_NON_LITERAL_NULL_CONVERSION = YES;
				CLANG_WARN_OBJC_IMPLICIT_RETAIN_SELF = YES;
				CLANG_WARN_OBJC_LITERAL_CONVERSION = YES;
				CLANG_WARN_OBJC_ROOT_CLASS = YES_ERROR;
				CLANG_WARN_RANGE_LOOP_ANALYSIS = YES;
				CLANG_WARN_STRICT_PROTOTYPES = YES;
				CLANG_WARN_SUSPICIOUS_MOVE = YES;
				CLANG_WARN_UNGUARDED_AVAILABILITY = YES_AGGRESSIVE;
				CLANG_WARN_UNREACHABLE_CODE = YES;
				CLANG_WARN__DUPLICATE_METHOD_MATCH = YES;
				CODE_SIGN_IDENTITY = "iPhone Developer";
				COPY_PHASE_STRIP = NO;
				DEBUG_INFORMATION_FORMAT = dwarf;
				ENABLE_STRICT_OBJC_MSGSEND = YES;
				ENABLE_TESTABILITY = YES;
				GCC_C_LANGUAGE_STANDARD = gnu11;
				GCC_DYNAMIC_NO_PIC = NO;
				GCC_NO_COMMON_BLOCKS = YES;
				GCC_OPTIMIZATION_LEVEL = 0;
				GCC_PREPROCESSOR_DEFINITIONS = (
					"DEBUG=1",
					"$(inherited)",
				);
				GCC_WARN_64_TO_32_BIT_CONVERSION = YES;
				GCC_WARN_ABOUT_RETURN_TYPE = YES_ERROR;
				GCC_WARN_UNDECLARED_SELECTOR = YES;
				GCC_WARN_UNINITIALIZED_AUTOS = YES_AGGRESSIVE;
				GCC_WARN_UNUSED_FUNCTION = YES;
				GCC_WARN_UNUSED_VARIABLE = YES;
				IPHONEOS_DEPLOYMENT_TARGET = 11.3;
				MTL_ENABLE_DEBUG_INFO = YES;
				ONLY_ACTIVE_ARCH = YES;
				SDKROOT = iphoneos;
				SWIFT_ACTIVE_COMPILATION_CONDITIONS = DEBUG;
				SWIFT_OPTIMIZATION_LEVEL = "-Onone";
			};
			name = Debug;
		};
		BA31BBCF2280197F00394AE1 /* Release */ = {
			isa = XCBuildConfiguration;
			buildSettings = {
				ALWAYS_SEARCH_USER_PATHS = NO;
				CLANG_ANALYZER_NONNULL = YES;
				CLANG_ANALYZER_NUMBER_OBJECT_CONVERSION = YES_AGGRESSIVE;
				CLANG_CXX_LANGUAGE_STANDARD = "gnu++14";
				CLANG_CXX_LIBRARY = "libc++";
				CLANG_ENABLE_MODULES = YES;
				CLANG_ENABLE_OBJC_ARC = YES;
				CLANG_ENABLE_OBJC_WEAK = YES;
				CLANG_WARN_BLOCK_CAPTURE_AUTORELEASING = YES;
				CLANG_WARN_BOOL_CONVERSION = YES;
				CLANG_WARN_COMMA = YES;
				CLANG_WARN_CONSTANT_CONVERSION = YES;
				CLANG_WARN_DEPRECATED_OBJC_IMPLEMENTATIONS = YES;
				CLANG_WARN_DIRECT_OBJC_ISA_USAGE = YES_ERROR;
				CLANG_WARN_DOCUMENTATION_COMMENTS = YES;
				CLANG_WARN_EMPTY_BODY = YES;
				CLANG_WARN_ENUM_CONVERSION = YES;
				CLANG_WARN_INFINITE_RECURSION = YES;
				CLANG_WARN_INT_CONVERSION = YES;
				CLANG_WARN_NON_LITERAL_NULL_CONVERSION = YES;
				CLANG_WARN_OBJC_IMPLICIT_RETAIN_SELF = YES;
				CLANG_WARN_OBJC_LITERAL_CONVERSION = YES;
				CLANG_WARN_OBJC_ROOT_CLASS = YES_ERROR;
				CLANG_WARN_RANGE_LOOP_ANALYSIS = YES;
				CLANG_WARN_STRICT_PROTOTYPES = YES;
				CLANG_WARN_SUSPICIOUS_MOVE = YES;
				CLANG_WARN_UNGUARDED_AVAILABILITY = YES_AGGRESSIVE;
				CLANG_WARN_UNREACHABLE_CODE = YES;
				CLANG_WARN__DUPLICATE_METHOD_MATCH = YES;
				CODE_SIGN_IDENTITY = "iPhone Developer";
				COPY_PHASE_STRIP = NO;
				DEBUG_INFORMATION_FORMAT = "dwarf-with-dsym";
				ENABLE_NS_ASSERTIONS = NO;
				ENABLE_STRICT_OBJC_MSGSEND = YES;
				GCC_C_LANGUAGE_STANDARD = gnu11;
				GCC_NO_COMMON_BLOCKS = YES;
				GCC_WARN_64_TO_32_BIT_CONVERSION = YES;
				GCC_WARN_ABOUT_RETURN_TYPE = YES_ERROR;
				GCC_WARN_UNDECLARED_SELECTOR = YES;
				GCC_WARN_UNINITIALIZED_AUTOS = YES_AGGRESSIVE;
				GCC_WARN_UNUSED_FUNCTION = YES;
				GCC_WARN_UNUSED_VARIABLE = YES;
				IPHONEOS_DEPLOYMENT_TARGET = 11.3;
				MTL_ENABLE_DEBUG_INFO = NO;
				SDKROOT = iphoneos;
				SWIFT_COMPILATION_MODE = wholemodule;
				SWIFT_OPTIMIZATION_LEVEL = "-O";
				VALIDATE_PRODUCT = YES;
			};
			name = Release;
		};
		BA31BBD12280197F00394AE1 /* Debug */ = {
			isa = XCBuildConfiguration;
			buildSettings = {
				ASSETCATALOG_COMPILER_APPICON_NAME = AppIcon;
				CODE_SIGN_STYLE = Automatic;
				INFOPLIST_FILE = MovieListlab_Day2/Info.plist;
				LD_RUNPATH_SEARCH_PATHS = (
					"$(inherited)",
					"@executable_path/Frameworks",
				);
				PRODUCT_BUNDLE_IDENTIFIER = "Jets.MovieListlab-Day2";
				PRODUCT_NAME = "$(TARGET_NAME)";
				SWIFT_VERSION = 4.0;
				TARGETED_DEVICE_FAMILY = "1,2";
			};
			name = Debug;
		};
		BA31BBD22280197F00394AE1 /* Release */ = {
			isa = XCBuildConfiguration;
			buildSettings = {
				ASSETCATALOG_COMPILER_APPICON_NAME = AppIcon;
				CODE_SIGN_STYLE = Automatic;
				INFOPLIST_FILE = MovieListlab_Day2/Info.plist;
				LD_RUNPATH_SEARCH_PATHS = (
					"$(inherited)",
					"@executable_path/Frameworks",
				);
				PRODUCT_BUNDLE_IDENTIFIER = "Jets.MovieListlab-Day2";
				PRODUCT_NAME = "$(TARGET_NAME)";
				SWIFT_VERSION = 4.0;
				TARGETED_DEVICE_FAMILY = "1,2";
			};
			name = Release;
		};
/* End XCBuildConfiguration section */

/* Begin XCConfigurationList section */
		BA31BBB92280194D00394AE1 /* Build configuration list for PBXProject "MovieListlab_Day2" */ = {
			isa = XCConfigurationList;
			buildConfigurations = (
				BA31BBCE2280197F00394AE1 /* Debug */,
				BA31BBCF2280197F00394AE1 /* Release */,
			);
			defaultConfigurationIsVisible = 0;
			defaultConfigurationName = Release;
		};
		BA31BBD02280197F00394AE1 /* Build configuration list for PBXNativeTarget "MovieListlab_Day2" */ = {
			isa = XCConfigurationList;
			buildConfigurations = (
				BA31BBD12280197F00394AE1 /* Debug */,
				BA31BBD22280197F00394AE1 /* Release */,
			);
			defaultConfigurationIsVisible = 0;
			defaultConfigurationName = Release;
		};
/* End XCConfigurationList section */

/* Begin XCVersionGroup section */
		BA45F62C2282D60A00F3914A /* MovieCoreData.xcdatamodeld */ = {
			isa = XCVersionGroup;
			children = (
				BA45F62D2282D60B00F3914A /* MovieCoreData.xcdatamodel */,
			);
			currentVersion = BA45F62D2282D60B00F3914A /* MovieCoreData.xcdatamodel */;
			path = MovieCoreData.xcdatamodeld;
			sourceTree = "<group>";
			versionGroupType = wrapper.xcdatamodel;
		};
/* End XCVersionGroup section */
	};
	rootObject = BA31BBB62280194D00394AE1 /* Project object */;
}
