// !$*UTF8*$!
{
	archiveVersion = 1;
	classes = {
	};
	objectVersion = 50;
	objects = {

/* Begin PBXBuildFile section */
		DEB1916B227F291F0010F44D /* AppDelegate.swift in Sources */ = {isa = PBXBuildFile; fileRef = DEB1916A227F291F0010F44D /* AppDelegate.swift */; };
		DEB1916D227F291F0010F44D /* ViewController.swift in Sources */ = {isa = PBXBuildFile; fileRef = DEB1916C227F291F0010F44D /* ViewController.swift */; };
		DEB19170227F291F0010F44D /* Main.storyboard in Resources */ = {isa = PBXBuildFile; fileRef = DEB1916E227F291F0010F44D /* Main.storyboard */; };
		DEB19172227F29200010F44D /* Assets.xcassets in Resources */ = {isa = PBXBuildFile; fileRef = DEB19171227F29200010F44D /* Assets.xcassets */; };
		DEB19175227F29200010F44D /* LaunchScreen.storyboard in Resources */ = {isa = PBXBuildFile; fileRef = DEB19173227F29200010F44D /* LaunchScreen.storyboard */; };
		DEB1917D227F2B9F0010F44D /* Person.swift in Sources */ = {isa = PBXBuildFile; fileRef = DEB1917C227F2B9F0010F44D /* Person.swift */; };
		DEB1917F227F2D2E0010F44D /* Manager.swift in Sources */ = {isa = PBXBuildFile; fileRef = DEB1917E227F2D2E0010F44D /* Manager.swift */; };
		DEB19181227F2E820010F44D /* Employee.swift in Sources */ = {isa = PBXBuildFile; fileRef = DEB19180227F2E820010F44D /* Employee.swift */; };
/* End PBXBuildFile section */

/* Begin PBXFileReference section */
		DEB19167227F291F0010F44D /* EmpolyeeManagerlab1_Day2.app */ = {isa = PBXFileReference; explicitFileType = wrapper.application; includeInIndex = 0; path = EmpolyeeManagerlab1_Day2.app; sourceTree = BUILT_PRODUCTS_DIR; };
		DEB1916A227F291F0010F44D /* AppDelegate.swift */ = {isa = PBXFileReference; lastKnownFileType = sourcecode.swift; path = AppDelegate.swift; sourceTree = "<group>"; };
		DEB1916C227F291F0010F44D /* ViewController.swift */ = {isa = PBXFileReference; lastKnownFileType = sourcecode.swift; path = ViewController.swift; sourceTree = "<group>"; };
		DEB1916F227F291F0010F44D /* Base */ = {isa = PBXFileReference; lastKnownFileType = file.storyboard; name = Base; path = Base.lproj/Main.storyboard; sourceTree = "<group>"; };
		DEB19171227F29200010F44D /* Assets.xcassets */ = {isa = PBXFileReference; lastKnownFileType = folder.assetcatalog; path = Assets.xcassets; sourceTree = "<group>"; };
		DEB19174227F29200010F44D /* Base */ = {isa = PBXFileReference; lastKnownFileType = file.storyboard; name = Base; path = Base.lproj/LaunchScreen.storyboard; sourceTree = "<group>"; };
		DEB19176227F29200010F44D /* Info.plist */ = {isa = PBXFileReference; lastKnownFileType = text.plist.xml; path = Info.plist; sourceTree = "<group>"; };
		DEB1917C227F2B9F0010F44D /* Person.swift */ = {isa = PBXFileReference; lastKnownFileType = sourcecode.swift; path = Person.swift; sourceTree = "<group>"; };
		DEB1917E227F2D2E0010F44D /* Manager.swift */ = {isa = PBXFileReference; lastKnownFileType = sourcecode.swift; path = Manager.swift; sourceTree = "<group>"; };
		DEB19180227F2E820010F44D /* Employee.swift */ = {isa = PBXFileReference; lastKnownFileType = sourcecode.swift; path = Employee.swift; sourceTree = "<group>"; };
/* End PBXFileReference section */

/* Begin PBXFrameworksBuildPhase section */
		DEB19164227F291F0010F44D /* Frameworks */ = {
			isa = PBXFrameworksBuildPhase;
			buildActionMask = 2147483647;
			files = (
			);
			runOnlyForDeploymentPostprocessing = 0;
		};
/* End PBXFrameworksBuildPhase section */

/* Begin PBXGroup section */
		DEB1915E227F291F0010F44D = {
			isa = PBXGroup;
			children = (
				DEB19169227F291F0010F44D /* EmpolyeeManagerlab1_Day2 */,
				DEB19168227F291F0010F44D /* Products */,
			);
			sourceTree = "<group>";
		};
		DEB19168227F291F0010F44D /* Products */ = {
			isa = PBXGroup;
			children = (
				DEB19167227F291F0010F44D /* EmpolyeeManagerlab1_Day2.app */,
			);
			name = Products;
			sourceTree = "<group>";
		};
		DEB19169227F291F0010F44D /* EmpolyeeManagerlab1_Day2 */ = {
			isa = PBXGroup;
			children = (
				DEB1916A227F291F0010F44D /* AppDelegate.swift */,
				DEB1916C227F291F0010F44D /* ViewController.swift */,
				DEB1916E227F291F0010F44D /* Main.storyboard */,
				DEB19171227F29200010F44D /* Assets.xcassets */,
				DEB19173227F29200010F44D /* LaunchScreen.storyboard */,
				DEB19176227F29200010F44D /* Info.plist */,
				DEB1917C227F2B9F0010F44D /* Person.swift */,
				DEB1917E227F2D2E0010F44D /* Manager.swift */,
				DEB19180227F2E820010F44D /* Employee.swift */,
			);
			path = EmpolyeeManagerlab1_Day2;
			sourceTree = "<group>";
		};
/* End PBXGroup section */

/* Begin PBXNativeTarget section */
		DEB19166227F291F0010F44D /* EmpolyeeManagerlab1_Day2 */ = {
			isa = PBXNativeTarget;
			buildConfigurationList = DEB19179227F29200010F44D /* Build configuration list for PBXNativeTarget "EmpolyeeManagerlab1_Day2" */;
			buildPhases = (
				DEB19163227F291F0010F44D /* Sources */,
				DEB19164227F291F0010F44D /* Frameworks */,
				DEB19165227F291F0010F44D /* Resources */,
			);
			buildRules = (
			);
			dependencies = (
			);
			name = EmpolyeeManagerlab1_Day2;
			productName = EmpolyeeManagerlab1_Day2;
			productReference = DEB19167227F291F0010F44D /* EmpolyeeManagerlab1_Day2.app */;
			productType = "com.apple.product-type.application";
		};
/* End PBXNativeTarget section */

/* Begin PBXProject section */
		DEB1915F227F291F0010F44D /* Project object */ = {
			isa = PBXProject;
			attributes = {
				LastSwiftUpdateCheck = 1010;
				LastUpgradeCheck = 1010;
				ORGANIZATIONNAME = ITI;
				TargetAttributes = {
					DEB19166227F291F0010F44D = {
						CreatedOnToolsVersion = 10.1;
					};
				};
			};
			buildConfigurationList = DEB19162227F291F0010F44D /* Build configuration list for PBXProject "EmpolyeeManagerlab1_Day2" */;
			compatibilityVersion = "Xcode 9.3";
			developmentRegion = en;
			hasScannedForEncodings = 0;
			knownRegions = (
				en,
				Base,
			);
			mainGroup = DEB1915E227F291F0010F44D;
			productRefGroup = DEB19168227F291F0010F44D /* Products */;
			projectDirPath = "";
			projectRoot = "";
			targets = (
				DEB19166227F291F0010F44D /* EmpolyeeManagerlab1_Day2 */,
			);
		};
/* End PBXProject section */

/* Begin PBXResourcesBuildPhase section */
		DEB19165227F291F0010F44D /* Resources */ = {
			isa = PBXResourcesBuildPhase;
			buildActionMask = 2147483647;
			files = (
				DEB19175227F29200010F44D /* LaunchScreen.storyboard in Resources */,
				DEB19172227F29200010F44D /* Assets.xcassets in Resources */,
				DEB19170227F291F0010F44D /* Main.storyboard in Resources */,
			);
			runOnlyForDeploymentPostprocessing = 0;
		};
/* End PBXResourcesBuildPhase section */

/* Begin PBXSourcesBuildPhase section */
		DEB19163227F291F0010F44D /* Sources */ = {
			isa = PBXSourcesBuildPhase;
			buildActionMask = 2147483647;
			files = (
				DEB1917D227F2B9F0010F44D /* Person.swift in Sources */,
				DEB1916D227F291F0010F44D /* ViewController.swift in Sources */,
				DEB1916B227F291F0010F44D /* AppDelegate.swift in Sources */,
				DEB19181227F2E820010F44D /* Employee.swift in Sources */,
				DEB1917F227F2D2E0010F44D /* Manager.swift in Sources */,
			);
			runOnlyForDeploymentPostprocessing = 0;
		};
/* End PBXSourcesBuildPhase section */

/* Begin PBXVariantGroup section */
		DEB1916E227F291F0010F44D /* Main.storyboard */ = {
			isa = PBXVariantGroup;
			children = (
				DEB1916F227F291F0010F44D /* Base */,
			);
			name = Main.storyboard;
			sourceTree = "<group>";
		};
		DEB19173227F29200010F44D /* LaunchScreen.storyboard */ = {
			isa = PBXVariantGroup;
			children = (
				DEB19174227F29200010F44D /* Base */,
			);
			name = LaunchScreen.storyboard;
			sourceTree = "<group>";
		};
/* End PBXVariantGroup section */

/* Begin XCBuildConfiguration section */
		DEB19177227F29200010F44D /* Debug */ = {
			isa = XCBuildConfiguration;
			buildSettings = {
				ALWAYS_SEARCH_USER_PATHS = NO;
				CLANG_ANALYZER_NONNULL = YES;
				CLANG_ANALYZER_NUMBER_OBJECT_CONVERSION = YES_AGGRESSIVE;
				CLANG_CXX_LANGUAGE_STANDARD = "gnu++14";
				CLANG_CXX_LIBRARY = "libc++";
				CLANG_ENABLE_MODULES = YES;
				CLANG_ENABLE_OBJC_ARC = YES;
				CLANG_ENABLE_OBJC_WEAK = YES;
				CLANG_WARN_BLOCK_CAPTURE_AUTORELEASING = YES;
				CLANG_WARN_BOOL_CONVERSION = YES;
				CLANG_WARN_COMMA = YES;
				CLANG_WARN_CONSTANT_CONVERSION = YES;
				CLANG_WARN_DEPRECATED_OBJC_IMPLEMENTATIONS = YES;
				CLANG_WARN_DIRECT_OBJC_ISA_USAGE = YES_ERROR;
				CLANG_WARN_DOCUMENTATION_COMMENTS = YES;
				CLANG_WARN_EMPTY_BODY = YES;
				CLANG_WARN_ENUM_CONVERSION = YES;
				CLANG_WARN_INFINITE_RECURSION = YES;
				CLANG_WARN_INT_CONVERSION = YES;
				CLANG_WARN_NON_LITERAL_NULL_CONVERSION = YES;
				CLANG_WARN_OBJC_IMPLICIT_RETAIN_SELF = YES;
				CLANG_WARN_OBJC_LITERAL_CONVERSION = YES;
				CLANG_WARN_OBJC_ROOT_CLASS = YES_ERROR;
				CLANG_WARN_RANGE_LOOP_ANALYSIS = YES;
				CLANG_WARN_STRICT_PROTOTYPES = YES;
				CLANG_WARN_SUSPICIOUS_MOVE = YES;
				CLANG_WARN_UNGUARDED_AVAILABILITY = YES_AGGRESSIVE;
				CLANG_WARN_UNREACHABLE_CODE = YES;
				CLANG_WARN__DUPLICATE_METHOD_MATCH = YES;
				CODE_SIGN_IDENTITY = "iPhone Developer";
				COPY_PHASE_STRIP = NO;
				DEBUG_INFORMATION_FORMAT = dwarf;
				ENABLE_STRICT_OBJC_MSGSEND = YES;
				ENABLE_TESTABILITY = YES;
				GCC_C_LANGUAGE_STANDARD = gnu11;
				GCC_DYNAMIC_NO_PIC = NO;
				GCC_NO_COMMON_BLOCKS = YES;
				GCC_OPTIMIZATION_LEVEL = 0;
				GCC_PREPROCESSOR_DEFINITIONS = (
					"DEBUG=1",
					"$(inherited)",
				);
				GCC_WARN_64_TO_32_BIT_CONVERSION = YES;
				GCC_WARN_ABOUT_RETURN_TYPE = YES_ERROR;
				GCC_WARN_UNDECLARED_SELECTOR = YES;
				GCC_WARN_UNINITIALIZED_AUTOS = YES_AGGRESSIVE;
				GCC_WARN_UNUSED_FUNCTION = YES;
				GCC_WARN_UNUSED_VARIABLE = YES;
				IPHONEOS_DEPLOYMENT_TARGET = 12.1;
				MTL_ENABLE_DEBUG_INFO = INCLUDE_SOURCE;
				MTL_FAST_MATH = YES;
				ONLY_ACTIVE_ARCH = YES;
				SDKROOT = iphoneos;
				SWIFT_ACTIVE_COMPILATION_CONDITIONS = DEBUG;
				SWIFT_OPTIMIZATION_LEVEL = "-Onone";
			};
			name = Debug;
		};
		DEB19178227F29200010F44D /* Release */ = {
			isa = XCBuildConfiguration;
			buildSettings = {
				ALWAYS_SEARCH_USER_PATHS = NO;
				CLANG_ANALYZER_NONNULL = YES;
				CLANG_ANALYZER_NUMBER_OBJECT_CONVERSION = YES_AGGRESSIVE;
				CLANG_CXX_LANGUAGE_STANDARD = "gnu++14";
				CLANG_CXX_LIBRARY = "libc++";
				CLANG_ENABLE_MODULES = YES;
				CLANG_ENABLE_OBJC_ARC = YES;
				CLANG_ENABLE_OBJC_WEAK = YES;
				CLANG_WARN_BLOCK_CAPTURE_AUTORELEASING = YES;
				CLANG_WARN_BOOL_CONVERSION = YES;
				CLANG_WARN_COMMA = YES;
				CLANG_WARN_CONSTANT_CONVERSION = YES;
				CLANG_WARN_DEPRECATED_OBJC_IMPLEMENTATIONS = YES;
				CLANG_WARN_DIRECT_OBJC_ISA_USAGE = YES_ERROR;
				CLANG_WARN_DOCUMENTATION_COMMENTS = YES;
				CLANG_WARN_EMPTY_BODY = YES;
				CLANG_WARN_ENUM_CONVERSION = YES;
				CLANG_WARN_INFINITE_RECURSION = YES;
				CLANG_WARN_INT_CONVERSION = YES;
				CLANG_WARN_NON_LITERAL_NULL_CONVERSION = YES;
				CLANG_WARN_OBJC_IMPLICIT_RETAIN_SELF = YES;
				CLANG_WARN_OBJC_LITERAL_CONVERSION = YES;
				CLANG_WARN_OBJC_ROOT_CLASS = YES_ERROR;
				CLANG_WARN_RANGE_LOOP_ANALYSIS = YES;
				CLANG_WARN_STRICT_PROTOTYPES = YES;
				CLANG_WARN_SUSPICIOUS_MOVE = YES;
				CLANG_WARN_UNGUARDED_AVAILABILITY = YES_AGGRESSIVE;
				CLANG_WARN_UNREACHABLE_CODE = YES;
				CLANG_WARN__DUPLICATE_METHOD_MATCH = YES;
				CODE_SIGN_IDENTITY = "iPhone Developer";
				COPY_PHASE_STRIP = NO;
				DEBUG_INFORMATION_FORMAT = "dwarf-with-dsym";
				ENABLE_NS_ASSERTIONS = NO;
				ENABLE_STRICT_OBJC_MSGSEND = YES;
				GCC_C_LANGUAGE_STANDARD = gnu11;
				GCC_NO_COMMON_BLOCKS = YES;
				GCC_WARN_64_TO_32_BIT_CONVERSION = YES;
				GCC_WARN_ABOUT_RETURN_TYPE = YES_ERROR;
				GCC_WARN_UNDECLARED_SELECTOR = YES;
				GCC_WARN_UNINITIALIZED_AUTOS = YES_AGGRESSIVE;
				GCC_WARN_UNUSED_FUNCTION = YES;
				GCC_WARN_UNUSED_VARIABLE = YES;
				IPHONEOS_DEPLOYMENT_TARGET = 12.1;
				MTL_ENABLE_DEBUG_INFO = NO;
				MTL_FAST_MATH = YES;
				SDKROOT = iphoneos;
				SWIFT_COMPILATION_MODE = wholemodule;
				SWIFT_OPTIMIZATION_LEVEL = "-O";
				VALIDATE_PRODUCT = YES;
			};
			name = Release;
		};
		DEB1917A227F29200010F44D /* Debug */ = {
			isa = XCBuildConfiguration;
			buildSettings = {
				ASSETCATALOG_COMPILER_APPICON_NAME = AppIcon;
				CODE_SIGN_STYLE = Automatic;
				INFOPLIST_FILE = EmpolyeeManagerlab1_Day2/Info.plist;
				LD_RUNPATH_SEARCH_PATHS = (
					"$(inherited)",
					"@executable_path/Frameworks",
				);
				PRODUCT_BUNDLE_IDENTIFIER = "JETS.EmpolyeeManagerlab1-Day2";
				PRODUCT_NAME = "$(TARGET_NAME)";
				SWIFT_VERSION = 4.2;
				TARGETED_DEVICE_FAMILY = "1,2";
			};
			name = Debug;
		};
		DEB1917B227F29200010F44D /* Release */ = {
			isa = XCBuildConfiguration;
			buildSettings = {
				ASSETCATALOG_COMPILER_APPICON_NAME = AppIcon;
				CODE_SIGN_STYLE = Automatic;
				INFOPLIST_FILE = EmpolyeeManagerlab1_Day2/Info.plist;
				LD_RUNPATH_SEARCH_PATHS = (
					"$(inherited)",
					"@executable_path/Frameworks",
				);
				PRODUCT_BUNDLE_IDENTIFIER = "JETS.EmpolyeeManagerlab1-Day2";
				PRODUCT_NAME = "$(TARGET_NAME)";
				SWIFT_VERSION = 4.2;
				TARGETED_DEVICE_FAMILY = "1,2";
			};
			name = Release;
		};
/* End XCBuildConfiguration section */

/* Begin XCConfigurationList section */
		DEB19162227F291F0010F44D /* Build configuration list for PBXProject "EmpolyeeManagerlab1_Day2" */ = {
			isa = XCConfigurationList;
			buildConfigurations = (
				DEB19177227F29200010F44D /* Debug */,
				DEB19178227F29200010F44D /* Release */,
			);
			defaultConfigurationIsVisible = 0;
			defaultConfigurationName = Release;
		};
		DEB19179227F29200010F44D /* Build configuration list for PBXNativeTarget "EmpolyeeManagerlab1_Day2" */ = {
			isa = XCConfigurationList;
			buildConfigurations = (
				DEB1917A227F29200010F44D /* Debug */,
				DEB1917B227F29200010F44D /* Release */,
			);
			defaultConfigurationIsVisible = 0;
			defaultConfigurationName = Release;
		};
/* End XCConfigurationList section */
	};
	rootObject = DEB1915F227F291F0010F44D /* Project object */;
}
